
Microsoft Visual Studio Solution File, Format Version 12.00
# Visual Studio 15
VisualStudioVersion = 15.0.27703.2047
MinimumVisualStudioVersion = 10.0.40219.1
Project("{FAE04EC0-301F-11D3-BF4B-00C04F79EFBC}") = "EntityFramework.FluentHelper.Examples.Models", "EntityFramework.FluentHelper.Examples.Models\EntityFramework.FluentHelper.Examples.Models.csproj", "{2A935694-4F8C-4674-9170-441EE4CC3FFE}"
EndProject
Project("{FAE04EC0-301F-11D3-BF4B-00C04F79EFBC}") = "EntityFramework.FluentHelper.Examples.Mappings", "EntityFramework.FluentHelper.Examples.Mappings\EntityFramework.FluentHelper.Examples.Mappings.csproj", "{311A8EC0-453C-453D-82A4-7ABC6B4F706D}"
EndProject
Project("{FAE04EC0-301F-11D3-BF4B-00C04F79EFBC}") = "EntityFramework.FluentHelper.Examples.Runner", "EntityFramework.FluentHelper.Examples.Runner\EntityFramework.FluentHelper.Examples.Runner.csproj", "{4DA452FB-17DC-4143-A109-1B8A73FC8C58}"
EndProject
Project("{FAE04EC0-301F-11D3-BF4B-00C04F79EFBC}") = "EntityFramework.FluentHelper.Examples.Dao", "EntityFramework.FluentHelper.Examples.Dao\EntityFramework.FluentHelper.Examples.Dao.csproj", "{14A795DA-3DF6-4835-B7AB-37F498F1D45D}"
EndProject
Project("{FAE04EC0-301F-11D3-BF4B-00C04F79EFBC}") = "EntityFramework.FluentHelper.Examples.Repositories", "EntityFramework.FluentHelper.Examples.Repositories\EntityFramework.FluentHelper.Examples.Repositories.csproj", "{3FE16312-8CE2-4E32-B07D-8320E61704C0}"
EndProject
Project("{FAE04EC0-301F-11D3-BF4B-00C04F79EFBC}") = "EntityFramework.FluentHelper.Examples.Tests", "EntityFramework.FluentHelper.Examples.Tests\EntityFramework.FluentHelper.Examples.Tests.csproj", "{C2A615F0-47E8-4E92-9FEF-057AE814E25F}"
EndProject
Global
	GlobalSection(SolutionConfigurationPlatforms) = preSolution
		Debug|Any CPU = Debug|Any CPU
		Release|Any CPU = Release|Any CPU
	EndGlobalSection
	GlobalSection(ProjectConfigurationPlatforms) = postSolution
		{2A935694-4F8C-4674-9170-441EE4CC3FFE}.Debug|Any CPU.ActiveCfg = Debug|Any CPU
		{2A935694-4F8C-4674-9170-441EE4CC3FFE}.Debug|Any CPU.Build.0 = Debug|Any CPU
		{2A935694-4F8C-4674-9170-441EE4CC3FFE}.Release|Any CPU.ActiveCfg = Release|Any CPU
		{2A935694-4F8C-4674-9170-441EE4CC3FFE}.Release|Any CPU.Build.0 = Release|Any CPU
		{311A8EC0-453C-453D-82A4-7ABC6B4F706D}.Debug|Any CPU.ActiveCfg = Debug|Any CPU
		{311A8EC0-453C-453D-82A4-7ABC6B4F706D}.Debug|Any CPU.Build.0 = Debug|Any CPU
		{311A8EC0-453C-453D-82A4-7ABC6B4F706D}.Release|Any CPU.ActiveCfg = Release|Any CPU
		{311A8EC0-453C-453D-82A4-7ABC6B4F706D}.Release|Any CPU.Build.0 = Release|Any CPU
		{4DA452FB-17DC-4143-A109-1B8A73FC8C58}.Debug|Any CPU.ActiveCfg = Debug|Any CPU
		{4DA452FB-17DC-4143-A109-1B8A73FC8C58}.Debug|Any CPU.Build.0 = Debug|Any CPU
		{4DA452FB-17DC-4143-A109-1B8A73FC8C58}.Release|Any CPU.ActiveCfg = Release|Any CPU
		{4DA452FB-17DC-4143-A109-1B8A73FC8C58}.Release|Any CPU.Build.0 = Release|Any CPU
		{14A795DA-3DF6-4835-B7AB-37F498F1D45D}.Debug|Any CPU.ActiveCfg = Debug|Any CPU
		{14A795DA-3DF6-4835-B7AB-37F498F1D45D}.Debug|Any CPU.Build.0 = Debug|Any CPU
		{14A795DA-3DF6-4835-B7AB-37F498F1D45D}.Release|Any CPU.ActiveCfg = Release|Any CPU
		{14A795DA-3DF6-4835-B7AB-37F498F1D45D}.Release|Any CPU.Build.0 = Release|Any CPU
		{3FE16312-8CE2-4E32-B07D-8320E61704C0}.Debug|Any CPU.ActiveCfg = Debug|Any CPU
		{3FE16312-8CE2-4E32-B07D-8320E61704C0}.Debug|Any CPU.Build.0 = Debug|Any CPU
		{3FE16312-8CE2-4E32-B07D-8320E61704C0}.Release|Any CPU.ActiveCfg = Release|Any CPU
		{3FE16312-8CE2-4E32-B07D-8320E61704C0}.Release|Any CPU.Build.0 = Release|Any CPU
		{C2A615F0-47E8-4E92-9FEF-057AE814E25F}.Debug|Any CPU.ActiveCfg = Debug|Any CPU
		{C2A615F0-47E8-4E92-9FEF-057AE814E25F}.Debug|Any CPU.Build.0 = Debug|Any CPU
		{C2A615F0-47E8-4E92-9FEF-057AE814E25F}.Release|Any CPU.ActiveCfg = Release|Any CPU
		{C2A615F0-47E8-4E92-9FEF-057AE814E25F}.Release|Any CPU.Build.0 = Release|Any CPU
	EndGlobalSection
	GlobalSection(SolutionProperties) = preSolution
		HideSolutionNode = FALSE
	EndGlobalSection
	GlobalSection(ExtensibilityGlobals) = postSolution
		SolutionGuid = {2A51495D-BADC-473D-8857-DC3FC0B110FD}
	EndGlobalSection
EndGlobal
